
Microsoft Visual Studio Solution File, Format Version 12.00
# Visual Studio Version 16
VisualStudioVersion = 16.0.31911.196
MinimumVisualStudioVersion = 10.0.40219.1
Project("{FAE04EC0-301F-11D3-BF4B-00C04F79EFBC}") = "TestProject1Proj.Tests", "TestProject1Proj.Tests\TestProject1Proj.Tests.csproj", "{D302E1FF-B9D7-49B2-923E-8F0323D14CE4}"
EndProject
Global
	GlobalSection(SolutionConfigurationPlatforms) = preSolution
		Debug|Any CPU = Debug|Any CPU
		Release|Any CPU = Release|Any CPU
	EndGlobalSection
	GlobalSection(ProjectConfigurationPlatforms) = postSolution
		{D302E1FF-B9D7-49B2-923E-8F0323D14CE4}.Debug|Any CPU.ActiveCfg = Debug|Any CPU
		{D302E1FF-B9D7-49B2-923E-8F0323D14CE4}.Debug|Any CPU.Build.0 = Debug|Any CPU
		{D302E1FF-B9D7-49B2-923E-8F0323D14CE4}.Release|Any CPU.ActiveCfg = Release|Any CPU
		{D302E1FF-B9D7-49B2-923E-8F0323D14CE4}.Release|Any CPU.Build.0 = Release|Any CPU
	EndGlobalSection
	GlobalSection(SolutionProperties) = preSolution
		HideSolutionNode = FALSE
	EndGlobalSection
	GlobalSection(ExtensibilityGlobals) = postSolution
		SolutionGuid = {FF1A624E-05A8-4C2C-82C6-D9DA6E3A9DFE}
	EndGlobalSection
EndGlobal
